{
  "version": 4,
  "terraform_version": "1.6.3",
  "serial": 76,
  "lineage": "5581f532-02d3-25e9-1a32-964fb1199a2f",
  "outputs": {
    "subnet_value": {
      "value": [
        "/subscriptions/ec9bf4db-5638-4ac0-b06c-6d6689bd130c/resourceGroups/devops-rg/providers/Microsoft.Network/virtualNetworks/Devops-vent/subnets/Devops-vent-subnet-1",
        "/subscriptions/ec9bf4db-5638-4ac0-b06c-6d6689bd130c/resourceGroups/devops-rg/providers/Microsoft.Network/virtualNetworks/Devops-vent/subnets/Devops-vent-subnet-2",
        "/subscriptions/ec9bf4db-5638-4ac0-b06c-6d6689bd130c/resourceGroups/devops-rg/providers/Microsoft.Network/virtualNetworks/Devops-vent/subnets/Devops-vent-subnet-3"
      ],
      "type": [
        "tuple",
        [
          "string",
          "string",
          "string"
        ]
      ]
    }
  },
  "resources": [
    {
      "mode": "managed",
      "type": "azurerm_resource_group",
      "name": "devops-rg",
      "provider": "provider[\"registry.terraform.io/hashicorp/azurerm\"]",
      "instances": [
        {
          "schema_version": 0,
          "attributes": {
            "id": "/subscriptions/ec9bf4db-5638-4ac0-b06c-6d6689bd130c/resourceGroups/devops-rg",
            "location": "eastus",
            "managed_by": "",
            "name": "devops-rg",
            "tags": {},
            "timeouts": null
          },
          "sensitive_attributes": [],
          "private": "eyJlMmJmYjczMC1lY2FhLTExZTYtOGY4OC0zNDM2M2JjN2M0YzAiOnsiY3JlYXRlIjo1NDAwMDAwMDAwMDAwLCJkZWxldGUiOjU0MDAwMDAwMDAwMDAsInJlYWQiOjMwMDAwMDAwMDAwMCwidXBkYXRlIjo1NDAwMDAwMDAwMDAwfX0="
        }
      ]
    },
    {
      "module": "module.raj_vm",
      "mode": "managed",
      "type": "azurerm_linux_virtual_machine",
      "name": "bastion_host_linuxvm",
      "provider": "provider[\"registry.terraform.io/hashicorp/azurerm\"]",
      "instances": [
        {
          "schema_version": 0,
          "attributes": {
            "additional_capabilities": [],
            "admin_password": null,
            "admin_ssh_key": [
              {
                "public_key": "ssh-rsa AAAAB3NzaC1yc2EAAAADAQABAAABgQC9aT+D+OxQpIXfxZLk5rm54wdXSIfauNKX2Rr3U0brnG18Xr9PuHFc33zq9XUEriG8cEPyWn36KyTN4AvyEyVnvwUm7fHuj/bG8jr2arCI58ksby3OD89xAqvTIqHKo8gtvFoK4eSKMHl6gcwyc22BaDwZeSSDzTe5dQXG5Xenk+1+VHpyfzVPJmQrVmF6KGQ3VChLVfCssIQrAoAta9NIj+TB+x2ZFlvjyPuI7cmxhhy/2zNzswPDu8zlnyCFAh87Uo6K33t86+ow9zQWm8K46wYlsNXJ3KB2CQbgxdj73f011j/baoM217GRN1onknG6YgdBnBByKCrnf1KUrhW3t+LRaVCf01xCOiujvps2+ZBembvYg4TWvscR2wBdCgCONg/qqRf206R2aBMJJTJ4BTpQi898Vd/WVYQet34AqfWOALz2nEnXAQ3nsn5e1dWNz6h5pSGPCo+Ssgrj38I038UsM1UxBETNsyM6yvEr4blphnP9uM/ksol0LUaiEvM= shiva@DESKTOP-4B0O632\n",
                "username": "azureuser"
              }
            ],
            "admin_username": "azureuser",
            "allow_extension_operations": true,
            "availability_set_id": "",
            "boot_diagnostics": [],
            "bypass_platform_safety_checks_on_user_schedule_enabled": false,
            "capacity_reservation_group_id": "",
            "computer_name": "bastion-linuxvm",
            "custom_data": null,
            "dedicated_host_group_id": "",
            "dedicated_host_id": "",
            "disable_password_authentication": true,
            "edge_zone": "",
            "encryption_at_host_enabled": false,
            "eviction_policy": "",
            "extensions_time_budget": "PT1H30M",
            "gallery_application": [],
            "id": "/subscriptions/ec9bf4db-5638-4ac0-b06c-6d6689bd130c/resourceGroups/devops-rg/providers/Microsoft.Compute/virtualMachines/bastion-linuxvm",
            "identity": [],
            "license_type": "",
            "location": "eastus",
            "max_bid_price": -1,
            "name": "bastion-linuxvm",
            "network_interface_ids": [
              "/subscriptions/ec9bf4db-5638-4ac0-b06c-6d6689bd130c/resourceGroups/devops-rg/providers/Microsoft.Network/networkInterfaces/bastion-host-linuxvm-nic"
            ],
            "os_disk": [
              {
                "caching": "ReadWrite",
                "diff_disk_settings": [],
                "disk_encryption_set_id": "",
                "disk_size_gb": 64,
                "name": "bastion-linuxvm_disk1_0650934523da49cc987d7490ec8246ef",
                "secure_vm_disk_encryption_set_id": "",
                "security_encryption_type": "",
                "storage_account_type": "Standard_LRS",
                "write_accelerator_enabled": false
              }
            ],
            "patch_assessment_mode": "ImageDefault",
            "patch_mode": "ImageDefault",
            "plan": [],
            "platform_fault_domain": -1,
            "priority": "Regular",
            "private_ip_address": "10.0.1.4",
            "private_ip_addresses": [
              "10.0.1.4"
            ],
            "provision_vm_agent": true,
            "proximity_placement_group_id": "",
            "public_ip_address": "137.117.121.204",
            "public_ip_addresses": [
              "137.117.121.204"
            ],
            "reboot_setting": "",
            "resource_group_name": "devops-rg",
            "secret": [],
            "secure_boot_enabled": false,
            "size": "Standard_DS1_v2",
            "source_image_id": "",
            "source_image_reference": [
              {
                "offer": "RHEL",
                "publisher": "RedHat",
                "sku": "83-gen2",
                "version": "latest"
              }
            ],
            "tags": {},
            "termination_notification": [],
            "timeouts": null,
            "user_data": "",
            "virtual_machine_id": "2c0d0507-94cd-49af-aa07-cead561ece29",
            "virtual_machine_scale_set_id": "",
            "vtpm_enabled": false,
            "zone": ""
          },
          "sensitive_attributes": [],
          "private": "eyJlMmJmYjczMC1lY2FhLTExZTYtOGY4OC0zNDM2M2JjN2M0YzAiOnsiY3JlYXRlIjoyNzAwMDAwMDAwMDAwLCJkZWxldGUiOjI3MDAwMDAwMDAwMDAsInJlYWQiOjMwMDAwMDAwMDAwMCwidXBkYXRlIjoyNzAwMDAwMDAwMDAwfX0=",
          "dependencies": [
            "azurerm_resource_group.devops-rg",
            "module.raj_vm.azurerm_network_interface.bastion_host_linuxvm_nic",
            "module.raj_vm.azurerm_public_ip.bastion_host_publicip",
            "module.raj_vnet.azurerm_subnet.raj-subnet",
            "module.raj_vnet.azurerm_virtual_network.devops-vnet"
          ]
        }
      ]
    },
    {
      "module": "module.raj_vm",
      "mode": "managed",
      "type": "azurerm_network_interface",
      "name": "bastion_host_linuxvm_nic",
      "provider": "provider[\"registry.terraform.io/hashicorp/azurerm\"]",
      "instances": [
        {
          "schema_version": 0,
          "attributes": {
            "applied_dns_servers": [],
            "auxiliary_mode": "",
            "auxiliary_sku": "",
            "dns_servers": [],
            "edge_zone": "",
            "enable_accelerated_networking": false,
            "enable_ip_forwarding": false,
            "id": "/subscriptions/ec9bf4db-5638-4ac0-b06c-6d6689bd130c/resourceGroups/devops-rg/providers/Microsoft.Network/networkInterfaces/bastion-host-linuxvm-nic",
            "internal_dns_name_label": "",
            "internal_domain_name_suffix": "slcwql3ja0gubhnoble5oxnjkd.bx.internal.cloudapp.net",
            "ip_configuration": [
              {
                "gateway_load_balancer_frontend_ip_configuration_id": "",
                "name": "bastion_host_ip_1",
                "primary": true,
                "private_ip_address": "10.0.1.4",
                "private_ip_address_allocation": "Dynamic",
                "private_ip_address_version": "IPv4",
                "public_ip_address_id": "/subscriptions/ec9bf4db-5638-4ac0-b06c-6d6689bd130c/resourceGroups/devops-rg/providers/Microsoft.Network/publicIPAddresses/bastion_host_publicip",
                "subnet_id": "/subscriptions/ec9bf4db-5638-4ac0-b06c-6d6689bd130c/resourceGroups/devops-rg/providers/Microsoft.Network/virtualNetworks/Devops-vent/subnets/Devops-vent-subnet-1"
              }
            ],
            "location": "eastus",
            "mac_address": "60-45-BD-D5-F8-8C",
            "name": "bastion-host-linuxvm-nic",
            "private_ip_address": "10.0.1.4",
            "private_ip_addresses": [
              "10.0.1.4"
            ],
            "resource_group_name": "devops-rg",
            "tags": {},
            "timeouts": null,
            "virtual_machine_id": "/subscriptions/ec9bf4db-5638-4ac0-b06c-6d6689bd130c/resourceGroups/devops-rg/providers/Microsoft.Compute/virtualMachines/bastion-linuxvm"
          },
          "sensitive_attributes": [],
          "private": "eyJlMmJmYjczMC1lY2FhLTExZTYtOGY4OC0zNDM2M2JjN2M0YzAiOnsiY3JlYXRlIjoxODAwMDAwMDAwMDAwLCJkZWxldGUiOjE4MDAwMDAwMDAwMDAsInJlYWQiOjMwMDAwMDAwMDAwMCwidXBkYXRlIjoxODAwMDAwMDAwMDAwfX0=",
          "dependencies": [
            "azurerm_resource_group.devops-rg",
            "module.raj_vm.azurerm_public_ip.bastion_host_publicip",
            "module.raj_vnet.azurerm_subnet.raj-subnet",
            "module.raj_vnet.azurerm_virtual_network.devops-vnet"
          ]
        }
      ]
    },
    {
      "module": "module.raj_vm",
      "mode": "managed",
      "type": "azurerm_public_ip",
      "name": "bastion_host_publicip",
      "provider": "provider[\"registry.terraform.io/hashicorp/azurerm\"]",
      "instances": [
        {
          "schema_version": 0,
          "attributes": {
            "allocation_method": "Static",
            "ddos_protection_mode": "VirtualNetworkInherited",
            "ddos_protection_plan_id": null,
            "domain_name_label": null,
            "edge_zone": "",
            "fqdn": null,
            "id": "/subscriptions/ec9bf4db-5638-4ac0-b06c-6d6689bd130c/resourceGroups/devops-rg/providers/Microsoft.Network/publicIPAddresses/bastion_host_publicip",
            "idle_timeout_in_minutes": 4,
            "ip_address": "137.117.121.204",
            "ip_tags": {},
            "ip_version": "IPv4",
            "location": "eastus",
            "name": "bastion_host_publicip",
            "public_ip_prefix_id": null,
            "resource_group_name": "devops-rg",
            "reverse_fqdn": null,
            "sku": "Standard",
            "sku_tier": "Regional",
            "tags": {},
            "timeouts": null,
            "zones": []
          },
          "sensitive_attributes": [],
          "private": "eyJlMmJmYjczMC1lY2FhLTExZTYtOGY4OC0zNDM2M2JjN2M0YzAiOnsiY3JlYXRlIjoxODAwMDAwMDAwMDAwLCJkZWxldGUiOjE4MDAwMDAwMDAwMDAsInJlYWQiOjMwMDAwMDAwMDAwMCwidXBkYXRlIjoxODAwMDAwMDAwMDAwfX0=",
          "dependencies": [
            "azurerm_resource_group.devops-rg"
          ]
        }
      ]
    },
    {
      "module": "module.raj_vm",
      "mode": "managed",
      "type": "null_resource",
      "name": "name",
      "provider": "provider[\"registry.terraform.io/hashicorp/null\"]",
      "instances": [
        {
          "schema_version": 0,
          "attributes": {
            "id": "477431518",
            "triggers": null
          },
          "sensitive_attributes": [],
          "dependencies": [
            "azurerm_resource_group.devops-rg",
            "module.raj_vm.azurerm_linux_virtual_machine.bastion_host_linuxvm",
            "module.raj_vm.azurerm_network_interface.bastion_host_linuxvm_nic",
            "module.raj_vm.azurerm_public_ip.bastion_host_publicip",
            "module.raj_vnet.azurerm_subnet.raj-subnet",
            "module.raj_vnet.azurerm_virtual_network.devops-vnet"
          ]
        }
      ]
    },
    {
      "module": "module.raj_vnet",
      "mode": "managed",
      "type": "azurerm_network_security_group",
      "name": "subnet_nsg",
      "provider": "provider[\"registry.terraform.io/hashicorp/azurerm\"]",
      "instances": [
        {
          "index_key": 0,
          "schema_version": 0,
          "attributes": {
            "id": "/subscriptions/ec9bf4db-5638-4ac0-b06c-6d6689bd130c/resourceGroups/devops-rg/providers/Microsoft.Network/networkSecurityGroups/Devops-vent-subnet-1-nsg",
            "location": "eastus",
            "name": "Devops-vent-subnet-1-nsg",
            "resource_group_name": "devops-rg",
            "security_rule": [
              {
                "access": "Allow",
                "description": "",
                "destination_address_prefix": "*",
                "destination_address_prefixes": [],
                "destination_application_security_group_ids": [],
                "destination_port_range": "*",
                "destination_port_ranges": [],
                "direction": "Inbound",
                "name": "AllowAllInboundTraffic",
                "priority": 100,
                "protocol": "*",
                "source_address_prefix": "*",
                "source_address_prefixes": [],
                "source_application_security_group_ids": [],
                "source_port_range": "*",
                "source_port_ranges": []
              }
            ],
            "tags": {},
            "timeouts": null
          },
          "sensitive_attributes": [],
          "private": "eyJlMmJmYjczMC1lY2FhLTExZTYtOGY4OC0zNDM2M2JjN2M0YzAiOnsiY3JlYXRlIjoxODAwMDAwMDAwMDAwLCJkZWxldGUiOjE4MDAwMDAwMDAwMDAsInJlYWQiOjMwMDAwMDAwMDAwMCwidXBkYXRlIjoxODAwMDAwMDAwMDAwfX0=",
          "dependencies": [
            "azurerm_resource_group.devops-rg",
            "module.raj_vnet.azurerm_subnet.raj-subnet",
            "module.raj_vnet.azurerm_virtual_network.devops-vnet"
          ]
        },
        {
          "index_key": 1,
          "schema_version": 0,
          "attributes": {
            "id": "/subscriptions/ec9bf4db-5638-4ac0-b06c-6d6689bd130c/resourceGroups/devops-rg/providers/Microsoft.Network/networkSecurityGroups/Devops-vent-subnet-2-nsg",
            "location": "eastus",
            "name": "Devops-vent-subnet-2-nsg",
            "resource_group_name": "devops-rg",
            "security_rule": [
              {
                "access": "Allow",
                "description": "",
                "destination_address_prefix": "*",
                "destination_address_prefixes": [],
                "destination_application_security_group_ids": [],
                "destination_port_range": "*",
                "destination_port_ranges": [],
                "direction": "Inbound",
                "name": "AllowAllInboundTraffic",
                "priority": 100,
                "protocol": "*",
                "source_address_prefix": "*",
                "source_address_prefixes": [],
                "source_application_security_group_ids": [],
                "source_port_range": "*",
                "source_port_ranges": []
              }
            ],
            "tags": {},
            "timeouts": null
          },
          "sensitive_attributes": [],
          "private": "eyJlMmJmYjczMC1lY2FhLTExZTYtOGY4OC0zNDM2M2JjN2M0YzAiOnsiY3JlYXRlIjoxODAwMDAwMDAwMDAwLCJkZWxldGUiOjE4MDAwMDAwMDAwMDAsInJlYWQiOjMwMDAwMDAwMDAwMCwidXBkYXRlIjoxODAwMDAwMDAwMDAwfX0=",
          "dependencies": [
            "azurerm_resource_group.devops-rg",
            "module.raj_vnet.azurerm_subnet.raj-subnet",
            "module.raj_vnet.azurerm_virtual_network.devops-vnet"
          ]
        },
        {
          "index_key": 2,
          "schema_version": 0,
          "attributes": {
            "id": "/subscriptions/ec9bf4db-5638-4ac0-b06c-6d6689bd130c/resourceGroups/devops-rg/providers/Microsoft.Network/networkSecurityGroups/Devops-vent-subnet-3-nsg",
            "location": "eastus",
            "name": "Devops-vent-subnet-3-nsg",
            "resource_group_name": "devops-rg",
            "security_rule": [
              {
                "access": "Allow",
                "description": "",
                "destination_address_prefix": "*",
                "destination_address_prefixes": [],
                "destination_application_security_group_ids": [],
                "destination_port_range": "*",
                "destination_port_ranges": [],
                "direction": "Inbound",
                "name": "AllowAllInboundTraffic",
                "priority": 100,
                "protocol": "*",
                "source_address_prefix": "*",
                "source_address_prefixes": [],
                "source_application_security_group_ids": [],
                "source_port_range": "*",
                "source_port_ranges": []
              }
            ],
            "tags": {},
            "timeouts": null
          },
          "sensitive_attributes": [],
          "private": "eyJlMmJmYjczMC1lY2FhLTExZTYtOGY4OC0zNDM2M2JjN2M0YzAiOnsiY3JlYXRlIjoxODAwMDAwMDAwMDAwLCJkZWxldGUiOjE4MDAwMDAwMDAwMDAsInJlYWQiOjMwMDAwMDAwMDAwMCwidXBkYXRlIjoxODAwMDAwMDAwMDAwfX0=",
          "dependencies": [
            "azurerm_resource_group.devops-rg",
            "module.raj_vnet.azurerm_subnet.raj-subnet",
            "module.raj_vnet.azurerm_virtual_network.devops-vnet"
          ]
        }
      ]
    },
    {
      "module": "module.raj_vnet",
      "mode": "managed",
      "type": "azurerm_subnet",
      "name": "raj-subnet",
      "provider": "provider[\"registry.terraform.io/hashicorp/azurerm\"]",
      "instances": [
        {
          "index_key": 0,
          "schema_version": 0,
          "attributes": {
            "address_prefixes": [
              "10.0.1.0/24"
            ],
            "delegation": [],
            "enforce_private_link_endpoint_network_policies": false,
            "enforce_private_link_service_network_policies": false,
            "id": "/subscriptions/ec9bf4db-5638-4ac0-b06c-6d6689bd130c/resourceGroups/devops-rg/providers/Microsoft.Network/virtualNetworks/Devops-vent/subnets/Devops-vent-subnet-1",
            "name": "Devops-vent-subnet-1",
            "private_endpoint_network_policies_enabled": true,
            "private_link_service_network_policies_enabled": true,
            "resource_group_name": "devops-rg",
            "service_endpoint_policy_ids": [],
            "service_endpoints": [],
            "timeouts": null,
            "virtual_network_name": "Devops-vent"
          },
          "sensitive_attributes": [],
          "private": "eyJlMmJmYjczMC1lY2FhLTExZTYtOGY4OC0zNDM2M2JjN2M0YzAiOnsiY3JlYXRlIjoxODAwMDAwMDAwMDAwLCJkZWxldGUiOjE4MDAwMDAwMDAwMDAsInJlYWQiOjMwMDAwMDAwMDAwMCwidXBkYXRlIjoxODAwMDAwMDAwMDAwfX0=",
          "dependencies": [
            "azurerm_resource_group.devops-rg",
            "module.raj_vnet.azurerm_virtual_network.devops-vnet"
          ]
        },
        {
          "index_key": 1,
          "schema_version": 0,
          "attributes": {
            "address_prefixes": [
              "10.0.2.0/24"
            ],
            "delegation": [],
            "enforce_private_link_endpoint_network_policies": false,
            "enforce_private_link_service_network_policies": false,
            "id": "/subscriptions/ec9bf4db-5638-4ac0-b06c-6d6689bd130c/resourceGroups/devops-rg/providers/Microsoft.Network/virtualNetworks/Devops-vent/subnets/Devops-vent-subnet-2",
            "name": "Devops-vent-subnet-2",
            "private_endpoint_network_policies_enabled": true,
            "private_link_service_network_policies_enabled": true,
            "resource_group_name": "devops-rg",
            "service_endpoint_policy_ids": [],
            "service_endpoints": [],
            "timeouts": null,
            "virtual_network_name": "Devops-vent"
          },
          "sensitive_attributes": [],
          "private": "eyJlMmJmYjczMC1lY2FhLTExZTYtOGY4OC0zNDM2M2JjN2M0YzAiOnsiY3JlYXRlIjoxODAwMDAwMDAwMDAwLCJkZWxldGUiOjE4MDAwMDAwMDAwMDAsInJlYWQiOjMwMDAwMDAwMDAwMCwidXBkYXRlIjoxODAwMDAwMDAwMDAwfX0=",
          "dependencies": [
            "azurerm_resource_group.devops-rg",
            "module.raj_vnet.azurerm_virtual_network.devops-vnet"
          ]
        },
        {
          "index_key": 2,
          "schema_version": 0,
          "attributes": {
            "address_prefixes": [
              "10.0.3.0/24"
            ],
            "delegation": [],
            "enforce_private_link_endpoint_network_policies": false,
            "enforce_private_link_service_network_policies": false,
            "id": "/subscriptions/ec9bf4db-5638-4ac0-b06c-6d6689bd130c/resourceGroups/devops-rg/providers/Microsoft.Network/virtualNetworks/Devops-vent/subnets/Devops-vent-subnet-3",
            "name": "Devops-vent-subnet-3",
            "private_endpoint_network_policies_enabled": true,
            "private_link_service_network_policies_enabled": true,
            "resource_group_name": "devops-rg",
            "service_endpoint_policy_ids": [],
            "service_endpoints": [],
            "timeouts": null,
            "virtual_network_name": "Devops-vent"
          },
          "sensitive_attributes": [],
          "private": "eyJlMmJmYjczMC1lY2FhLTExZTYtOGY4OC0zNDM2M2JjN2M0YzAiOnsiY3JlYXRlIjoxODAwMDAwMDAwMDAwLCJkZWxldGUiOjE4MDAwMDAwMDAwMDAsInJlYWQiOjMwMDAwMDAwMDAwMCwidXBkYXRlIjoxODAwMDAwMDAwMDAwfX0=",
          "dependencies": [
            "azurerm_resource_group.devops-rg",
            "module.raj_vnet.azurerm_virtual_network.devops-vnet"
          ]
        }
      ]
    },
    {
      "module": "module.raj_vnet",
      "mode": "managed",
      "type": "azurerm_subnet_network_security_group_association",
      "name": "subnet_nsg_assoc",
      "provider": "provider[\"registry.terraform.io/hashicorp/azurerm\"]",
      "instances": [
        {
          "index_key": 0,
          "schema_version": 0,
          "attributes": {
            "id": "/subscriptions/ec9bf4db-5638-4ac0-b06c-6d6689bd130c/resourceGroups/devops-rg/providers/Microsoft.Network/virtualNetworks/Devops-vent/subnets/Devops-vent-subnet-1",
            "network_security_group_id": "/subscriptions/ec9bf4db-5638-4ac0-b06c-6d6689bd130c/resourceGroups/devops-rg/providers/Microsoft.Network/networkSecurityGroups/Devops-vent-subnet-1-nsg",
            "subnet_id": "/subscriptions/ec9bf4db-5638-4ac0-b06c-6d6689bd130c/resourceGroups/devops-rg/providers/Microsoft.Network/virtualNetworks/Devops-vent/subnets/Devops-vent-subnet-1",
            "timeouts": null
          },
          "sensitive_attributes": [],
          "private": "eyJlMmJmYjczMC1lY2FhLTExZTYtOGY4OC0zNDM2M2JjN2M0YzAiOnsiY3JlYXRlIjoxODAwMDAwMDAwMDAwLCJkZWxldGUiOjE4MDAwMDAwMDAwMDAsInJlYWQiOjMwMDAwMDAwMDAwMH19",
          "dependencies": [
            "azurerm_resource_group.devops-rg",
            "module.raj_vnet.azurerm_network_security_group.subnet_nsg",
            "module.raj_vnet.azurerm_subnet.raj-subnet",
            "module.raj_vnet.azurerm_virtual_network.devops-vnet"
          ]
        },
        {
          "index_key": 1,
          "schema_version": 0,
          "attributes": {
            "id": "/subscriptions/ec9bf4db-5638-4ac0-b06c-6d6689bd130c/resourceGroups/devops-rg/providers/Microsoft.Network/virtualNetworks/Devops-vent/subnets/Devops-vent-subnet-2",
            "network_security_group_id": "/subscriptions/ec9bf4db-5638-4ac0-b06c-6d6689bd130c/resourceGroups/devops-rg/providers/Microsoft.Network/networkSecurityGroups/Devops-vent-subnet-2-nsg",
            "subnet_id": "/subscriptions/ec9bf4db-5638-4ac0-b06c-6d6689bd130c/resourceGroups/devops-rg/providers/Microsoft.Network/virtualNetworks/Devops-vent/subnets/Devops-vent-subnet-2",
            "timeouts": null
          },
          "sensitive_attributes": [],
          "private": "eyJlMmJmYjczMC1lY2FhLTExZTYtOGY4OC0zNDM2M2JjN2M0YzAiOnsiY3JlYXRlIjoxODAwMDAwMDAwMDAwLCJkZWxldGUiOjE4MDAwMDAwMDAwMDAsInJlYWQiOjMwMDAwMDAwMDAwMH19",
          "dependencies": [
            "azurerm_resource_group.devops-rg",
            "module.raj_vnet.azurerm_network_security_group.subnet_nsg",
            "module.raj_vnet.azurerm_subnet.raj-subnet",
            "module.raj_vnet.azurerm_virtual_network.devops-vnet"
          ]
        },
        {
          "index_key": 2,
          "schema_version": 0,
          "attributes": {
            "id": "/subscriptions/ec9bf4db-5638-4ac0-b06c-6d6689bd130c/resourceGroups/devops-rg/providers/Microsoft.Network/virtualNetworks/Devops-vent/subnets/Devops-vent-subnet-3",
            "network_security_group_id": "/subscriptions/ec9bf4db-5638-4ac0-b06c-6d6689bd130c/resourceGroups/devops-rg/providers/Microsoft.Network/networkSecurityGroups/Devops-vent-subnet-3-nsg",
            "subnet_id": "/subscriptions/ec9bf4db-5638-4ac0-b06c-6d6689bd130c/resourceGroups/devops-rg/providers/Microsoft.Network/virtualNetworks/Devops-vent/subnets/Devops-vent-subnet-3",
            "timeouts": null
          },
          "sensitive_attributes": [],
          "private": "eyJlMmJmYjczMC1lY2FhLTExZTYtOGY4OC0zNDM2M2JjN2M0YzAiOnsiY3JlYXRlIjoxODAwMDAwMDAwMDAwLCJkZWxldGUiOjE4MDAwMDAwMDAwMDAsInJlYWQiOjMwMDAwMDAwMDAwMH19",
          "dependencies": [
            "azurerm_resource_group.devops-rg",
            "module.raj_vnet.azurerm_network_security_group.subnet_nsg",
            "module.raj_vnet.azurerm_subnet.raj-subnet",
            "module.raj_vnet.azurerm_virtual_network.devops-vnet"
          ]
        }
      ]
    },
    {
      "module": "module.raj_vnet",
      "mode": "managed",
      "type": "azurerm_virtual_network",
      "name": "devops-vnet",
      "provider": "provider[\"registry.terraform.io/hashicorp/azurerm\"]",
      "instances": [
        {
          "schema_version": 0,
          "attributes": {
            "address_space": [
              "10.0.0.0/16"
            ],
            "bgp_community": "",
            "ddos_protection_plan": [],
            "dns_servers": [],
            "edge_zone": "",
            "encryption": [],
            "flow_timeout_in_minutes": 0,
            "guid": "2f68c592-06a9-408d-9dae-0ac9f75da953",
            "id": "/subscriptions/ec9bf4db-5638-4ac0-b06c-6d6689bd130c/resourceGroups/devops-rg/providers/Microsoft.Network/virtualNetworks/Devops-vent",
            "location": "eastus",
            "name": "Devops-vent",
            "resource_group_name": "devops-rg",
            "subnet": [
              {
                "address_prefix": "10.0.1.0/24",
                "id": "/subscriptions/ec9bf4db-5638-4ac0-b06c-6d6689bd130c/resourceGroups/devops-rg/providers/Microsoft.Network/virtualNetworks/Devops-vent/subnets/Devops-vent-subnet-1",
                "name": "Devops-vent-subnet-1",
                "security_group": "/subscriptions/ec9bf4db-5638-4ac0-b06c-6d6689bd130c/resourceGroups/devops-rg/providers/Microsoft.Network/networkSecurityGroups/Devops-vent-subnet-1-nsg"
              },
              {
                "address_prefix": "10.0.2.0/24",
                "id": "/subscriptions/ec9bf4db-5638-4ac0-b06c-6d6689bd130c/resourceGroups/devops-rg/providers/Microsoft.Network/virtualNetworks/Devops-vent/subnets/Devops-vent-subnet-2",
                "name": "Devops-vent-subnet-2",
                "security_group": "/subscriptions/ec9bf4db-5638-4ac0-b06c-6d6689bd130c/resourceGroups/devops-rg/providers/Microsoft.Network/networkSecurityGroups/Devops-vent-subnet-2-nsg"
              },
              {
                "address_prefix": "10.0.3.0/24",
                "id": "/subscriptions/ec9bf4db-5638-4ac0-b06c-6d6689bd130c/resourceGroups/devops-rg/providers/Microsoft.Network/virtualNetworks/Devops-vent/subnets/Devops-vent-subnet-3",
                "name": "Devops-vent-subnet-3",
                "security_group": "/subscriptions/ec9bf4db-5638-4ac0-b06c-6d6689bd130c/resourceGroups/devops-rg/providers/Microsoft.Network/networkSecurityGroups/Devops-vent-subnet-3-nsg"
              }
            ],
            "tags": {},
            "timeouts": null
          },
          "sensitive_attributes": [],
          "private": "eyJlMmJmYjczMC1lY2FhLTExZTYtOGY4OC0zNDM2M2JjN2M0YzAiOnsiY3JlYXRlIjoxODAwMDAwMDAwMDAwLCJkZWxldGUiOjE4MDAwMDAwMDAwMDAsInJlYWQiOjMwMDAwMDAwMDAwMCwidXBkYXRlIjoxODAwMDAwMDAwMDAwfX0=",
          "dependencies": [
            "azurerm_resource_group.devops-rg"
          ]
        }
      ]
    }
  ],
  "check_results": null
}
